
Microsoft Visual Studio Solution File, Format Version 12.00
# Visual Studio 2013
VisualStudioVersion = 12.0.20827.3
MinimumVisualStudioVersion = 10.0.40219.1
Project("{FAE04EC0-301F-11D3-BF4B-00C04F79EFBC}") = "CommonComposition", "CommonComposition.csproj", "{5EDC8001-5B18-40C8-A0BA-E749C546B684}"
EndProject
Project("{FAE04EC0-301F-11D3-BF4B-00C04F79EFBC}") = "CommonComposition.Mef", "..\CommonComposition.Mef\CommonComposition.Mef.csproj", "{4262475F-B6D3-4CE3-85BD-AEDEB3A63DBB}"
EndProject
Project("{FAE04EC0-301F-11D3-BF4B-00C04F79EFBC}") = "CommonComposition.Autofac", "CommonComposition.Autofac\CommonComposition.Autofac.csproj", "{6D086DF5-B8E5-444C-9198-663C76ACBBEB}"
EndProject
Global
	GlobalSection(SolutionConfigurationPlatforms) = preSolution
		Debug|Any CPU = Debug|Any CPU
		Release|Any CPU = Release|Any CPU
	EndGlobalSection
	GlobalSection(ProjectConfigurationPlatforms) = postSolution
		{5EDC8001-5B18-40C8-A0BA-E749C546B684}.Debug|Any CPU.ActiveCfg = Debug|Any CPU
		{5EDC8001-5B18-40C8-A0BA-E749C546B684}.Debug|Any CPU.Build.0 = Debug|Any CPU
		{5EDC8001-5B18-40C8-A0BA-E749C546B684}.Release|Any CPU.ActiveCfg = Release|Any CPU
		{5EDC8001-5B18-40C8-A0BA-E749C546B684}.Release|Any CPU.Build.0 = Release|Any CPU
		{4262475F-B6D3-4CE3-85BD-AEDEB3A63DBB}.Debug|Any CPU.ActiveCfg = Debug|Any CPU
		{4262475F-B6D3-4CE3-85BD-AEDEB3A63DBB}.Debug|Any CPU.Build.0 = Debug|Any CPU
		{4262475F-B6D3-4CE3-85BD-AEDEB3A63DBB}.Release|Any CPU.ActiveCfg = Release|Any CPU
		{4262475F-B6D3-4CE3-85BD-AEDEB3A63DBB}.Release|Any CPU.Build.0 = Release|Any CPU
		{6D086DF5-B8E5-444C-9198-663C76ACBBEB}.Debug|Any CPU.ActiveCfg = Debug|Any CPU
		{6D086DF5-B8E5-444C-9198-663C76ACBBEB}.Debug|Any CPU.Build.0 = Debug|Any CPU
		{6D086DF5-B8E5-444C-9198-663C76ACBBEB}.Release|Any CPU.ActiveCfg = Release|Any CPU
		{6D086DF5-B8E5-444C-9198-663C76ACBBEB}.Release|Any CPU.Build.0 = Release|Any CPU
	EndGlobalSection
	GlobalSection(SolutionProperties) = preSolution
		HideSolutionNode = FALSE
	EndGlobalSection
EndGlobal
